{
  "requires": true,
  "lockfileVersion": 1,
  "dependencies": {
    "bootstrap": {
      "version": "4.3.1",
      "resolved": "https://registry.npmjs.org/bootstrap/-/bootstrap-4.3.1.tgz",
      "integrity": "sha512-rXqOmH1VilAt2DyPzluTi2blhk17bO7ef+zLLPlWvG494pDxcM234pJ8wTc/6R40UWizAIIMgxjvxZg5kmsbag=="
    },
    "intl-tel-input": {
      "version": "15.0.1",
      "resolved": "https://registry.npmjs.org/intl-tel-input/-/intl-tel-input-15.0.1.tgz",
      "integrity": "sha512-k6z6Xaz1hF3bjJSl+kLy49dDpbH92NGcfpcDecQbBW0rn8erWXfWGBdEk7IqloNHk2eOb+rVmJ/bFrkXdG26zA=="
    }
  }
}
